
Microsoft Visual Studio Solution File, Format Version 12.00
# Visual Studio Version 17
VisualStudioVersion = 17.0.31903.59
MinimumVisualStudioVersion = 10.0.40219.1
Project("{2150E333-8FDC-42A3-9474-1A3956D46DE8}") = "src", "src", "{AEDD0237-9054-411B-95B9-855C441FDADC}"
EndProject
Project("{FAE04EC0-301F-11D3-BF4B-00C04F79EFBC}") = "Pane", "src\Pane\Pane.csproj", "{FD8D79BF-67D8-4D21-9813-30BB5033514C}"
EndProject
Project("{FAE04EC0-301F-11D3-BF4B-00C04F79EFBC}") = "Pane.Template", "src\Pane.Template\Pane.Template.csproj", "{ADC8DC58-FC5F-4004-9303-E38A03D0009F}"
EndProject
Global
	GlobalSection(SolutionConfigurationPlatforms) = preSolution
		Debug|Any CPU = Debug|Any CPU
		Release|Any CPU = Release|Any CPU
	EndGlobalSection
	GlobalSection(SolutionProperties) = preSolution
		HideSolutionNode = FALSE
	EndGlobalSection
	GlobalSection(ProjectConfigurationPlatforms) = postSolution
		{FD8D79BF-67D8-4D21-9813-30BB5033514C}.Debug|Any CPU.ActiveCfg = Debug|Any CPU
		{FD8D79BF-67D8-4D21-9813-30BB5033514C}.Debug|Any CPU.Build.0 = Debug|Any CPU
		{FD8D79BF-67D8-4D21-9813-30BB5033514C}.Release|Any CPU.ActiveCfg = Release|Any CPU
		{FD8D79BF-67D8-4D21-9813-30BB5033514C}.Release|Any CPU.Build.0 = Release|Any CPU
		{ADC8DC58-FC5F-4004-9303-E38A03D0009F}.Debug|Any CPU.ActiveCfg = Debug|Any CPU
		{ADC8DC58-FC5F-4004-9303-E38A03D0009F}.Debug|Any CPU.Build.0 = Debug|Any CPU
		{ADC8DC58-FC5F-4004-9303-E38A03D0009F}.Release|Any CPU.ActiveCfg = Release|Any CPU
		{ADC8DC58-FC5F-4004-9303-E38A03D0009F}.Release|Any CPU.Build.0 = Release|Any CPU
	EndGlobalSection
	GlobalSection(NestedProjects) = preSolution
		{FD8D79BF-67D8-4D21-9813-30BB5033514C} = {AEDD0237-9054-411B-95B9-855C441FDADC}
		{ADC8DC58-FC5F-4004-9303-E38A03D0009F} = {AEDD0237-9054-411B-95B9-855C441FDADC}
	EndGlobalSection
EndGlobal
